
Microsoft Visual Studio Solution File, Format Version 12.00
# Visual Studio Version 17
VisualStudioVersion = 17.14.36705.20 d17.14
MinimumVisualStudioVersion = 10.0.40219.1
Project("{FAE04EC0-301F-11D3-BF4B-00C04F79EFBC}") = "MiniPacman", "MiniPacman.csproj", "{4678D011-291D-408B-AA9D-318929EDD2BD}"
EndProject
Global
	GlobalSection(SolutionConfigurationPlatforms) = preSolution
		Debug|Any CPU = Debug|Any CPU
		Release|Any CPU = Release|Any CPU
	EndGlobalSection
	GlobalSection(ProjectConfigurationPlatforms) = postSolution
		{4678D011-291D-408B-AA9D-318929EDD2BD}.Debug|Any CPU.ActiveCfg = Debug|Any CPU
		{4678D011-291D-408B-AA9D-318929EDD2BD}.Debug|Any CPU.Build.0 = Debug|Any CPU
		{4678D011-291D-408B-AA9D-318929EDD2BD}.Release|Any CPU.ActiveCfg = Release|Any CPU
		{4678D011-291D-408B-AA9D-318929EDD2BD}.Release|Any CPU.Build.0 = Release|Any CPU
	EndGlobalSection
	GlobalSection(SolutionProperties) = preSolution
		HideSolutionNode = FALSE
	EndGlobalSection
	GlobalSection(ExtensibilityGlobals) = postSolution
		SolutionGuid = {C10E3366-2181-4FFD-AB6B-ECA49074C09A}
	EndGlobalSection
EndGlobal
